// !$*UTF8*$!
{
	archiveVersion = 1;
	classes = {
	};
	objectVersion = 46;
	objects = {

/* Begin PBXBuildFile section */
		F434E7D41F4533EC004BA7BA /* RMPageBodyCollectionViewCell.m in Sources */ = {isa = PBXBuildFile; fileRef = F434E7CF1F4533EC004BA7BA /* RMPageBodyCollectionViewCell.m */; };
		F434E7D51F4533EC004BA7BA /* RMPageTitleView.m in Sources */ = {isa = PBXBuildFile; fileRef = F434E7D11F4533EC004BA7BA /* RMPageTitleView.m */; };
		F434E7D61F4533EC004BA7BA /* RMPageView.m in Sources */ = {isa = PBXBuildFile; fileRef = F434E7D31F4533EC004BA7BA /* RMPageView.m */; };
		F434E7D91F453418004BA7BA /* RMPageModel.m in Sources */ = {isa = PBXBuildFile; fileRef = F434E7D81F453418004BA7BA /* RMPageModel.m */; };
		F434E7DB1F4534D7004BA7BA /* new@3x.png in Resources */ = {isa = PBXBuildFile; fileRef = F434E7DA1F4534D7004BA7BA /* new@3x.png */; };
		F434E7DD1F4534DC004BA7BA /* new@2x.png in Resources */ = {isa = PBXBuildFile; fileRef = F434E7DC1F4534DC004BA7BA /* new@2x.png */; };
		F434E7E01F456D6D004BA7BA /* UIView+Frame.m in Sources */ = {isa = PBXBuildFile; fileRef = F434E7DF1F456D6D004BA7BA /* UIView+Frame.m */; };
		F47564651ED2C98C00EF0C08 /* main.m in Sources */ = {isa = PBXBuildFile; fileRef = F47564641ED2C98C00EF0C08 /* main.m */; };
		F47564681ED2C98C00EF0C08 /* AppDelegate.m in Sources */ = {isa = PBXBuildFile; fileRef = F47564671ED2C98C00EF0C08 /* AppDelegate.m */; };
		F475646B1ED2C98C00EF0C08 /* ViewController.m in Sources */ = {isa = PBXBuildFile; fileRef = F475646A1ED2C98C00EF0C08 /* ViewController.m */; };
		F475646E1ED2C98C00EF0C08 /* Main.storyboard in Resources */ = {isa = PBXBuildFile; fileRef = F475646C1ED2C98C00EF0C08 /* Main.storyboard */; };
		F47564701ED2C98C00EF0C08 /* Assets.xcassets in Resources */ = {isa = PBXBuildFile; fileRef = F475646F1ED2C98C00EF0C08 /* Assets.xcassets */; };
		F47564731ED2C98C00EF0C08 /* LaunchScreen.storyboard in Resources */ = {isa = PBXBuildFile; fileRef = F47564711ED2C98C00EF0C08 /* LaunchScreen.storyboard */; };
		F475647E1ED2C98C00EF0C08 /* RMPageControllerTests.m in Sources */ = {isa = PBXBuildFile; fileRef = F475647D1ED2C98C00EF0C08 /* RMPageControllerTests.m */; };
		F47564891ED2C98C00EF0C08 /* RMPageControllerUITests.m in Sources */ = {isa = PBXBuildFile; fileRef = F47564881ED2C98C00EF0C08 /* RMPageControllerUITests.m */; };
		F47564B51ED2DD6F00EF0C08 /* FirstViewController.m in Sources */ = {isa = PBXBuildFile; fileRef = F47564B41ED2DD6F00EF0C08 /* FirstViewController.m */; };
		F47564B81ED2DD7900EF0C08 /* TwoViewController.m in Sources */ = {isa = PBXBuildFile; fileRef = F47564B71ED2DD7900EF0C08 /* TwoViewController.m */; };
		F47564BB1ED2DD8600EF0C08 /* ThirdViewController.m in Sources */ = {isa = PBXBuildFile; fileRef = F47564BA1ED2DD8600EF0C08 /* ThirdViewController.m */; };
		F47564BE1ED2DD8F00EF0C08 /* FourViewController.m in Sources */ = {isa = PBXBuildFile; fileRef = F47564BD1ED2DD8F00EF0C08 /* FourViewController.m */; };
		F47564C11ED2DD9900EF0C08 /* FiveViewController.m in Sources */ = {isa = PBXBuildFile; fileRef = F47564C01ED2DD9900EF0C08 /* FiveViewController.m */; };
/* End PBXBuildFile section */

/* Begin PBXContainerItemProxy section */
		F475647A1ED2C98C00EF0C08 /* PBXContainerItemProxy */ = {
			isa = PBXContainerItemProxy;
			containerPortal = F47564581ED2C98C00EF0C08 /* Project object */;
			proxyType = 1;
			remoteGlobalIDString = F475645F1ED2C98C00EF0C08;
			remoteInfo = RMPageController;
		};
		F47564851ED2C98C00EF0C08 /* PBXContainerItemProxy */ = {
			isa = PBXContainerItemProxy;
			containerPortal = F47564581ED2C98C00EF0C08 /* Project object */;
			proxyType = 1;
			remoteGlobalIDString = F475645F1ED2C98C00EF0C08;
			remoteInfo = RMPageController;
		};
/* End PBXContainerItemProxy section */

/* Begin PBXFileReference section */
		F434E7CE1F4533EC004BA7BA /* RMPageBodyCollectionViewCell.h */ = {isa = PBXFileReference; fileEncoding = 4; lastKnownFileType = sourcecode.c.h; path = RMPageBodyCollectionViewCell.h; sourceTree = "<group>"; };
		F434E7CF1F4533EC004BA7BA /* RMPageBodyCollectionViewCell.m */ = {isa = PBXFileReference; fileEncoding = 4; lastKnownFileType = sourcecode.c.objc; path = RMPageBodyCollectionViewCell.m; sourceTree = "<group>"; };
		F434E7D01F4533EC004BA7BA /* RMPageTitleView.h */ = {isa = PBXFileReference; fileEncoding = 4; lastKnownFileType = sourcecode.c.h; path = RMPageTitleView.h; sourceTree = "<group>"; };
		F434E7D11F4533EC004BA7BA /* RMPageTitleView.m */ = {isa = PBXFileReference; fileEncoding = 4; lastKnownFileType = sourcecode.c.objc; path = RMPageTitleView.m; sourceTree = "<group>"; };
		F434E7D21F4533EC004BA7BA /* RMPageView.h */ = {isa = PBXFileReference; fileEncoding = 4; lastKnownFileType = sourcecode.c.h; path = RMPageView.h; sourceTree = "<group>"; };
		F434E7D31F4533EC004BA7BA /* RMPageView.m */ = {isa = PBXFileReference; fileEncoding = 4; lastKnownFileType = sourcecode.c.objc; path = RMPageView.m; sourceTree = "<group>"; };
		F434E7D71F453418004BA7BA /* RMPageModel.h */ = {isa = PBXFileReference; fileEncoding = 4; lastKnownFileType = sourcecode.c.h; path = RMPageModel.h; sourceTree = "<group>"; };
		F434E7D81F453418004BA7BA /* RMPageModel.m */ = {isa = PBXFileReference; fileEncoding = 4; lastKnownFileType = sourcecode.c.objc; path = RMPageModel.m; sourceTree = "<group>"; };
		F434E7DA1F4534D7004BA7BA /* new@3x.png */ = {isa = PBXFileReference; lastKnownFileType = image.png; path = "new@3x.png"; sourceTree = "<group>"; };
		F434E7DC1F4534DC004BA7BA /* new@2x.png */ = {isa = PBXFileReference; lastKnownFileType = image.png; path = "new@2x.png"; sourceTree = "<group>"; };
		F434E7DE1F456D6D004BA7BA /* UIView+Frame.h */ = {isa = PBXFileReference; fileEncoding = 4; lastKnownFileType = sourcecode.c.h; path = "UIView+Frame.h"; sourceTree = "<group>"; };
		F434E7DF1F456D6D004BA7BA /* UIView+Frame.m */ = {isa = PBXFileReference; fileEncoding = 4; lastKnownFileType = sourcecode.c.objc; path = "UIView+Frame.m"; sourceTree = "<group>"; };
		F47564601ED2C98C00EF0C08 /* RMPageController.app */ = {isa = PBXFileReference; explicitFileType = wrapper.application; includeInIndex = 0; path = RMPageController.app; sourceTree = BUILT_PRODUCTS_DIR; };
		F47564641ED2C98C00EF0C08 /* main.m */ = {isa = PBXFileReference; lastKnownFileType = sourcecode.c.objc; path = main.m; sourceTree = "<group>"; };
		F47564661ED2C98C00EF0C08 /* AppDelegate.h */ = {isa = PBXFileReference; lastKnownFileType = sourcecode.c.h; path = AppDelegate.h; sourceTree = "<group>"; };
		F47564671ED2C98C00EF0C08 /* AppDelegate.m */ = {isa = PBXFileReference; lastKnownFileType = sourcecode.c.objc; path = AppDelegate.m; sourceTree = "<group>"; };
		F47564691ED2C98C00EF0C08 /* ViewController.h */ = {isa = PBXFileReference; lastKnownFileType = sourcecode.c.h; path = ViewController.h; sourceTree = "<group>"; };
		F475646A1ED2C98C00EF0C08 /* ViewController.m */ = {isa = PBXFileReference; lastKnownFileType = sourcecode.c.objc; path = ViewController.m; sourceTree = "<group>"; };
		F475646D1ED2C98C00EF0C08 /* Base */ = {isa = PBXFileReference; lastKnownFileType = file.storyboard; name = Base; path = Base.lproj/Main.storyboard; sourceTree = "<group>"; };
		F475646F1ED2C98C00EF0C08 /* Assets.xcassets */ = {isa = PBXFileReference; lastKnownFileType = folder.assetcatalog; path = Assets.xcassets; sourceTree = "<group>"; };
		F47564721ED2C98C00EF0C08 /* Base */ = {isa = PBXFileReference; lastKnownFileType = file.storyboard; name = Base; path = Base.lproj/LaunchScreen.storyboard; sourceTree = "<group>"; };
		F47564741ED2C98C00EF0C08 /* Info.plist */ = {isa = PBXFileReference; lastKnownFileType = text.plist.xml; path = Info.plist; sourceTree = "<group>"; };
		F47564791ED2C98C00EF0C08 /* RMPageControllerTests.xctest */ = {isa = PBXFileReference; explicitFileType = wrapper.cfbundle; includeInIndex = 0; path = RMPageControllerTests.xctest; sourceTree = BUILT_PRODUCTS_DIR; };
		F475647D1ED2C98C00EF0C08 /* RMPageControllerTests.m */ = {isa = PBXFileReference; lastKnownFileType = sourcecode.c.objc; path = RMPageControllerTests.m; sourceTree = "<group>"; };
		F475647F1ED2C98C00EF0C08 /* Info.plist */ = {isa = PBXFileReference; lastKnownFileType = text.plist.xml; path = Info.plist; sourceTree = "<group>"; };
		F47564841ED2C98C00EF0C08 /* RMPageControllerUITests.xctest */ = {isa = PBXFileReference; explicitFileType = wrapper.cfbundle; includeInIndex = 0; path = RMPageControllerUITests.xctest; sourceTree = BUILT_PRODUCTS_DIR; };
		F47564881ED2C98C00EF0C08 /* RMPageControllerUITests.m */ = {isa = PBXFileReference; lastKnownFileType = sourcecode.c.objc; path = RMPageControllerUITests.m; sourceTree = "<group>"; };
		F475648A1ED2C98C00EF0C08 /* Info.plist */ = {isa = PBXFileReference; lastKnownFileType = text.plist.xml; path = Info.plist; sourceTree = "<group>"; };
		F47564B31ED2DD6F00EF0C08 /* FirstViewController.h */ = {isa = PBXFileReference; fileEncoding = 4; lastKnownFileType = sourcecode.c.h; path = FirstViewController.h; sourceTree = "<group>"; };
		F47564B41ED2DD6F00EF0C08 /* FirstViewController.m */ = {isa = PBXFileReference; fileEncoding = 4; lastKnownFileType = sourcecode.c.objc; path = FirstViewController.m; sourceTree = "<group>"; };
		F47564B61ED2DD7900EF0C08 /* TwoViewController.h */ = {isa = PBXFileReference; fileEncoding = 4; lastKnownFileType = sourcecode.c.h; path = TwoViewController.h; sourceTree = "<group>"; };
		F47564B71ED2DD7900EF0C08 /* TwoViewController.m */ = {isa = PBXFileReference; fileEncoding = 4; lastKnownFileType = sourcecode.c.objc; path = TwoViewController.m; sourceTree = "<group>"; };
		F47564B91ED2DD8600EF0C08 /* ThirdViewController.h */ = {isa = PBXFileReference; fileEncoding = 4; lastKnownFileType = sourcecode.c.h; path = ThirdViewController.h; sourceTree = "<group>"; };
		F47564BA1ED2DD8600EF0C08 /* ThirdViewController.m */ = {isa = PBXFileReference; fileEncoding = 4; lastKnownFileType = sourcecode.c.objc; path = ThirdViewController.m; sourceTree = "<group>"; };
		F47564BC1ED2DD8F00EF0C08 /* FourViewController.h */ = {isa = PBXFileReference; fileEncoding = 4; lastKnownFileType = sourcecode.c.h; path = FourViewController.h; sourceTree = "<group>"; };
		F47564BD1ED2DD8F00EF0C08 /* FourViewController.m */ = {isa = PBXFileReference; fileEncoding = 4; lastKnownFileType = sourcecode.c.objc; path = FourViewController.m; sourceTree = "<group>"; };
		F47564BF1ED2DD9900EF0C08 /* FiveViewController.h */ = {isa = PBXFileReference; fileEncoding = 4; lastKnownFileType = sourcecode.c.h; path = FiveViewController.h; sourceTree = "<group>"; };
		F47564C01ED2DD9900EF0C08 /* FiveViewController.m */ = {isa = PBXFileReference; fileEncoding = 4; lastKnownFileType = sourcecode.c.objc; path = FiveViewController.m; sourceTree = "<group>"; };
/* End PBXFileReference section */

/* Begin PBXFrameworksBuildPhase section */
		F475645D1ED2C98C00EF0C08 /* Frameworks */ = {
			isa = PBXFrameworksBuildPhase;
			buildActionMask = 2147483647;
			files = (
			);
			runOnlyForDeploymentPostprocessing = 0;
		};
		F47564761ED2C98C00EF0C08 /* Frameworks */ = {
			isa = PBXFrameworksBuildPhase;
			buildActionMask = 2147483647;
			files = (
			);
			runOnlyForDeploymentPostprocessing = 0;
		};
		F47564811ED2C98C00EF0C08 /* Frameworks */ = {
			isa = PBXFrameworksBuildPhase;
			buildActionMask = 2147483647;
			files = (
			);
			runOnlyForDeploymentPostprocessing = 0;
		};
/* End PBXFrameworksBuildPhase section */

/* Begin PBXGroup section */
		F434E7CD1F4533EC004BA7BA /* PageView */ = {
			isa = PBXGroup;
			children = (
				F434E7DE1F456D6D004BA7BA /* UIView+Frame.h */,
				F434E7DF1F456D6D004BA7BA /* UIView+Frame.m */,
				F434E7DA1F4534D7004BA7BA /* new@3x.png */,
				F434E7DC1F4534DC004BA7BA /* new@2x.png */,
				F434E7CE1F4533EC004BA7BA /* RMPageBodyCollectionViewCell.h */,
				F434E7CF1F4533EC004BA7BA /* RMPageBodyCollectionViewCell.m */,
				F434E7D01F4533EC004BA7BA /* RMPageTitleView.h */,
				F434E7D11F4533EC004BA7BA /* RMPageTitleView.m */,
				F434E7D21F4533EC004BA7BA /* RMPageView.h */,
				F434E7D31F4533EC004BA7BA /* RMPageView.m */,
				F434E7D71F453418004BA7BA /* RMPageModel.h */,
				F434E7D81F453418004BA7BA /* RMPageModel.m */,
			);
			path = PageView;
			sourceTree = "<group>";
		};
		F47564571ED2C98C00EF0C08 = {
			isa = PBXGroup;
			children = (
				F47564621ED2C98C00EF0C08 /* RMPageController */,
				F475647C1ED2C98C00EF0C08 /* RMPageControllerTests */,
				F47564871ED2C98C00EF0C08 /* RMPageControllerUITests */,
				F47564611ED2C98C00EF0C08 /* Products */,
			);
			sourceTree = "<group>";
		};
		F47564611ED2C98C00EF0C08 /* Products */ = {
			isa = PBXGroup;
			children = (
				F47564601ED2C98C00EF0C08 /* RMPageController.app */,
				F47564791ED2C98C00EF0C08 /* RMPageControllerTests.xctest */,
				F47564841ED2C98C00EF0C08 /* RMPageControllerUITests.xctest */,
			);
			name = Products;
			sourceTree = "<group>";
		};
		F47564621ED2C98C00EF0C08 /* RMPageController */ = {
			isa = PBXGroup;
			children = (
				F47564661ED2C98C00EF0C08 /* AppDelegate.h */,
				F47564671ED2C98C00EF0C08 /* AppDelegate.m */,
				F434E7CD1F4533EC004BA7BA /* PageView */,
				F47564691ED2C98C00EF0C08 /* ViewController.h */,
				F475646A1ED2C98C00EF0C08 /* ViewController.m */,
				F47564B31ED2DD6F00EF0C08 /* FirstViewController.h */,
				F47564B41ED2DD6F00EF0C08 /* FirstViewController.m */,
				F47564B61ED2DD7900EF0C08 /* TwoViewController.h */,
				F47564B71ED2DD7900EF0C08 /* TwoViewController.m */,
				F47564B91ED2DD8600EF0C08 /* ThirdViewController.h */,
				F47564BA1ED2DD8600EF0C08 /* ThirdViewController.m */,
				F47564BC1ED2DD8F00EF0C08 /* FourViewController.h */,
				F47564BD1ED2DD8F00EF0C08 /* FourViewController.m */,
				F47564BF1ED2DD9900EF0C08 /* FiveViewController.h */,
				F47564C01ED2DD9900EF0C08 /* FiveViewController.m */,
				F475646C1ED2C98C00EF0C08 /* Main.storyboard */,
				F475646F1ED2C98C00EF0C08 /* Assets.xcassets */,
				F47564711ED2C98C00EF0C08 /* LaunchScreen.storyboard */,
				F47564741ED2C98C00EF0C08 /* Info.plist */,
				F47564631ED2C98C00EF0C08 /* Supporting Files */,
			);
			path = RMPageController;
			sourceTree = "<group>";
		};
		F47564631ED2C98C00EF0C08 /* Supporting Files */ = {
			isa = PBXGroup;
			children = (
				F47564641ED2C98C00EF0C08 /* main.m */,
			);
			name = "Supporting Files";
			sourceTree = "<group>";
		};
		F475647C1ED2C98C00EF0C08 /* RMPageControllerTests */ = {
			isa = PBXGroup;
			children = (
				F475647D1ED2C98C00EF0C08 /* RMPageControllerTests.m */,
				F475647F1ED2C98C00EF0C08 /* Info.plist */,
			);
			path = RMPageControllerTests;
			sourceTree = "<group>";
		};
		F47564871ED2C98C00EF0C08 /* RMPageControllerUITests */ = {
			isa = PBXGroup;
			children = (
				F47564881ED2C98C00EF0C08 /* RMPageControllerUITests.m */,
				F475648A1ED2C98C00EF0C08 /* Info.plist */,
			);
			path = RMPageControllerUITests;
			sourceTree = "<group>";
		};
/* End PBXGroup section */

/* Begin PBXNativeTarget section */
		F475645F1ED2C98C00EF0C08 /* RMPageController */ = {
			isa = PBXNativeTarget;
			buildConfigurationList = F475648D1ED2C98C00EF0C08 /* Build configuration list for PBXNativeTarget "RMPageController" */;
			buildPhases = (
				F475645C1ED2C98C00EF0C08 /* Sources */,
				F475645D1ED2C98C00EF0C08 /* Frameworks */,
				F475645E1ED2C98C00EF0C08 /* Resources */,
			);
			buildRules = (
			);
			dependencies = (
			);
			name = RMPageController;
			productName = RMPageController;
			productReference = F47564601ED2C98C00EF0C08 /* RMPageController.app */;
			productType = "com.apple.product-type.application";
		};
		F47564781ED2C98C00EF0C08 /* RMPageControllerTests */ = {
			isa = PBXNativeTarget;
			buildConfigurationList = F47564901ED2C98C00EF0C08 /* Build configuration list for PBXNativeTarget "RMPageControllerTests" */;
			buildPhases = (
				F47564751ED2C98C00EF0C08 /* Sources */,
				F47564761ED2C98C00EF0C08 /* Frameworks */,
				F47564771ED2C98C00EF0C08 /* Resources */,
			);
			buildRules = (
			);
			dependencies = (
				F475647B1ED2C98C00EF0C08 /* PBXTargetDependency */,
			);
			name = RMPageControllerTests;
			productName = RMPageControllerTests;
			productReference = F47564791ED2C98C00EF0C08 /* RMPageControllerTests.xctest */;
			productType = "com.apple.product-type.bundle.unit-test";
		};
		F47564831ED2C98C00EF0C08 /* RMPageControllerUITests */ = {
			isa = PBXNativeTarget;
			buildConfigurationList = F47564931ED2C98C00EF0C08 /* Build configuration list for PBXNativeTarget "RMPageControllerUITests" */;
			buildPhases = (
				F47564801ED2C98C00EF0C08 /* Sources */,
				F47564811ED2C98C00EF0C08 /* Frameworks */,
				F47564821ED2C98C00EF0C08 /* Resources */,
			);
			buildRules = (
			);
			dependencies = (
				F47564861ED2C98C00EF0C08 /* PBXTargetDependency */,
			);
			name = RMPageControllerUITests;
			productName = RMPageControllerUITests;
			productReference = F47564841ED2C98C00EF0C08 /* RMPageControllerUITests.xctest */;
			productType = "com.apple.product-type.bundle.ui-testing";
		};
/* End PBXNativeTarget section */

/* Begin PBXProject section */
		F47564581ED2C98C00EF0C08 /* Project object */ = {
			isa = PBXProject;
			attributes = {
				LastUpgradeCheck = 0830;
				ORGANIZATIONNAME = "TianyingJiuzhou Network Technology Co. Ltd";
				TargetAttributes = {
					F475645F1ED2C98C00EF0C08 = {
						CreatedOnToolsVersion = 8.3.2;
						DevelopmentTeam = Y2MXCR3GE3;
						ProvisioningStyle = Automatic;
					};
					F47564781ED2C98C00EF0C08 = {
						CreatedOnToolsVersion = 8.3.2;
						DevelopmentTeam = Y2MXCR3GE3;
						ProvisioningStyle = Automatic;
						TestTargetID = F475645F1ED2C98C00EF0C08;
					};
					F47564831ED2C98C00EF0C08 = {
						CreatedOnToolsVersion = 8.3.2;
						DevelopmentTeam = Y2MXCR3GE3;
						ProvisioningStyle = Automatic;
						TestTargetID = F475645F1ED2C98C00EF0C08;
					};
				};
			};
			buildConfigurationList = F475645B1ED2C98C00EF0C08 /* Build configuration list for PBXProject "RMPageController" */;
			compatibilityVersion = "Xcode 3.2";
			developmentRegion = English;
			hasScannedForEncodings = 0;
			knownRegions = (
				en,
				Base,
			);
			mainGroup = F47564571ED2C98C00EF0C08;
			productRefGroup = F47564611ED2C98C00EF0C08 /* Products */;
			projectDirPath = "";
			projectRoot = "";
			targets = (
				F475645F1ED2C98C00EF0C08 /* RMPageController */,
				F47564781ED2C98C00EF0C08 /* RMPageControllerTests */,
				F47564831ED2C98C00EF0C08 /* RMPageControllerUITests */,
			);
		};
/* End PBXProject section */

/* Begin PBXResourcesBuildPhase section */
		F475645E1ED2C98C00EF0C08 /* Resources */ = {
			isa = PBXResourcesBuildPhase;
			buildActionMask = 2147483647;
			files = (
				F434E7DD1F4534DC004BA7BA /* new@2x.png in Resources */,
				F47564731ED2C98C00EF0C08 /* LaunchScreen.storyboard in Resources */,
				F47564701ED2C98C00EF0C08 /* Assets.xcassets in Resources */,
				F434E7DB1F4534D7004BA7BA /* new@3x.png in Resources */,
				F475646E1ED2C98C00EF0C08 /* Main.storyboard in Resources */,
			);
			runOnlyForDeploymentPostprocessing = 0;
		};
		F47564771ED2C98C00EF0C08 /* Resources */ = {
			isa = PBXResourcesBuildPhase;
			buildActionMask = 2147483647;
			files = (
			);
			runOnlyForDeploymentPostprocessing = 0;
		};
		F47564821ED2C98C00EF0C08 /* Resources */ = {
			isa = PBXResourcesBuildPhase;
			buildActionMask = 2147483647;
			files = (
			);
			runOnlyForDeploymentPostprocessing = 0;
		};
/* End PBXResourcesBuildPhase section */

/* Begin PBXSourcesBuildPhase section */
		F475645C1ED2C98C00EF0C08 /* Sources */ = {
			isa = PBXSourcesBuildPhase;
			buildActionMask = 2147483647;
			files = (
				F47564C11ED2DD9900EF0C08 /* FiveViewController.m in Sources */,
				F475646B1ED2C98C00EF0C08 /* ViewController.m in Sources */,
				F434E7D61F4533EC004BA7BA /* RMPageView.m in Sources */,
				F434E7D51F4533EC004BA7BA /* RMPageTitleView.m in Sources */,
				F47564681ED2C98C00EF0C08 /* AppDelegate.m in Sources */,
				F434E7E01F456D6D004BA7BA /* UIView+Frame.m in Sources */,
				F47564BB1ED2DD8600EF0C08 /* ThirdViewController.m in Sources */,
				F47564B81ED2DD7900EF0C08 /* TwoViewController.m in Sources */,
				F434E7D91F453418004BA7BA /* RMPageModel.m in Sources */,
				F47564651ED2C98C00EF0C08 /* main.m in Sources */,
				F47564BE1ED2DD8F00EF0C08 /* FourViewController.m in Sources */,
				F434E7D41F4533EC004BA7BA /* RMPageBodyCollectionViewCell.m in Sources */,
				F47564B51ED2DD6F00EF0C08 /* FirstViewController.m in Sources */,
			);
			runOnlyForDeploymentPostprocessing = 0;
		};
		F47564751ED2C98C00EF0C08 /* Sources */ = {
			isa = PBXSourcesBuildPhase;
			buildActionMask = 2147483647;
			files = (
				F475647E1ED2C98C00EF0C08 /* RMPageControllerTests.m in Sources */,
			);
			runOnlyForDeploymentPostprocessing = 0;
		};
		F47564801ED2C98C00EF0C08 /* Sources */ = {
			isa = PBXSourcesBuildPhase;
			buildActionMask = 2147483647;
			files = (
				F47564891ED2C98C00EF0C08 /* RMPageControllerUITests.m in Sources */,
			);
			runOnlyForDeploymentPostprocessing = 0;
		};
/* End PBXSourcesBuildPhase section */

/* Begin PBXTargetDependency section */
		F475647B1ED2C98C00EF0C08 /* PBXTargetDependency */ = {
			isa = PBXTargetDependency;
			target = F475645F1ED2C98C00EF0C08 /* RMPageController */;
			targetProxy = F475647A1ED2C98C00EF0C08 /* PBXContainerItemProxy */;
		};
		F47564861ED2C98C00EF0C08 /* PBXTargetDependency */ = {
			isa = PBXTargetDependency;
			target = F475645F1ED2C98C00EF0C08 /* RMPageController */;
			targetProxy = F47564851ED2C98C00EF0C08 /* PBXContainerItemProxy */;
		};
/* End PBXTargetDependency section */

/* Begin PBXVariantGroup section */
		F475646C1ED2C98C00EF0C08 /* Main.storyboard */ = {
			isa = PBXVariantGroup;
			children = (
				F475646D1ED2C98C00EF0C08 /* Base */,
			);
			name = Main.storyboard;
			sourceTree = "<group>";
		};
		F47564711ED2C98C00EF0C08 /* LaunchScreen.storyboard */ = {
			isa = PBXVariantGroup;
			children = (
				F47564721ED2C98C00EF0C08 /* Base */,
			);
			name = LaunchScreen.storyboard;
			sourceTree = "<group>";
		};
/* End PBXVariantGroup section */

/* Begin XCBuildConfiguration section */
		F475648B1ED2C98C00EF0C08 /* Debug */ = {
			isa = XCBuildConfiguration;
			buildSettings = {
				ALWAYS_SEARCH_USER_PATHS = NO;
				CLANG_ANALYZER_NONNULL = YES;
				CLANG_ANALYZER_NUMBER_OBJECT_CONVERSION = YES_AGGRESSIVE;
				CLANG_CXX_LANGUAGE_STANDARD = "gnu++0x";
				CLANG_CXX_LIBRARY = "libc++";
				CLANG_ENABLE_MODULES = YES;
				CLANG_ENABLE_OBJC_ARC = YES;
				CLANG_WARN_BOOL_CONVERSION = YES;
				CLANG_WARN_CONSTANT_CONVERSION = YES;
				CLANG_WARN_DIRECT_OBJC_ISA_USAGE = YES_ERROR;
				CLANG_WARN_DOCUMENTATION_COMMENTS = YES;
				CLANG_WARN_EMPTY_BODY = YES;
				CLANG_WARN_ENUM_CONVERSION = YES;
				CLANG_WARN_INFINITE_RECURSION = YES;
				CLANG_WARN_INT_CONVERSION = YES;
				CLANG_WARN_OBJC_ROOT_CLASS = YES_ERROR;
				CLANG_WARN_SUSPICIOUS_MOVE = YES;
				CLANG_WARN_UNREACHABLE_CODE = YES;
				CLANG_WARN__DUPLICATE_METHOD_MATCH = YES;
				"CODE_SIGN_IDENTITY[sdk=iphoneos*]" = "iPhone Developer";
				COPY_PHASE_STRIP = NO;
				DEBUG_INFORMATION_FORMAT = dwarf;
				ENABLE_STRICT_OBJC_MSGSEND = YES;
				ENABLE_TESTABILITY = YES;
				GCC_C_LANGUAGE_STANDARD = gnu99;
				GCC_DYNAMIC_NO_PIC = NO;
				GCC_NO_COMMON_BLOCKS = YES;
				GCC_OPTIMIZATION_LEVEL = 0;
				GCC_PREPROCESSOR_DEFINITIONS = (
					"DEBUG=1",
					"$(inherited)",
				);
				GCC_WARN_64_TO_32_BIT_CONVERSION = YES;
				GCC_WARN_ABOUT_RETURN_TYPE = YES_ERROR;
				GCC_WARN_UNDECLARED_SELECTOR = YES;
				GCC_WARN_UNINITIALIZED_AUTOS = YES_AGGRESSIVE;
				GCC_WARN_UNUSED_FUNCTION = YES;
				GCC_WARN_UNUSED_VARIABLE = YES;
				IPHONEOS_DEPLOYMENT_TARGET = 10.3;
				MTL_ENABLE_DEBUG_INFO = YES;
				ONLY_ACTIVE_ARCH = YES;
				SDKROOT = iphoneos;
				TARGETED_DEVICE_FAMILY = "1,2";
			};
			name = Debug;
		};
		F475648C1ED2C98C00EF0C08 /* Release */ = {
			isa = XCBuildConfiguration;
			buildSettings = {
				ALWAYS_SEARCH_USER_PATHS = NO;
				CLANG_ANALYZER_NONNULL = YES;
				CLANG_ANALYZER_NUMBER_OBJECT_CONVERSION = YES_AGGRESSIVE;
				CLANG_CXX_LANGUAGE_STANDARD = "gnu++0x";
				CLANG_CXX_LIBRARY = "libc++";
				CLANG_ENABLE_MODULES = YES;
				CLANG_ENABLE_OBJC_ARC = YES;
				CLANG_WARN_BOOL_CONVERSION = YES;
				CLANG_WARN_CONSTANT_CONVERSION = YES;
				CLANG_WARN_DIRECT_OBJC_ISA_USAGE = YES_ERROR;
				CLANG_WARN_DOCUMENTATION_COMMENTS = YES;
				CLANG_WARN_EMPTY_BODY = YES;
				CLANG_WARN_ENUM_CONVERSION = YES;
				CLANG_WARN_INFINITE_RECURSION = YES;
				CLANG_WARN_INT_CONVERSION = YES;
				CLANG_WARN_OBJC_ROOT_CLASS = YES_ERROR;
				CLANG_WARN_SUSPICIOUS_MOVE = YES;
				CLANG_WARN_UNREACHABLE_CODE = YES;
				CLANG_WARN__DUPLICATE_METHOD_MATCH = YES;
				"CODE_SIGN_IDENTITY[sdk=iphoneos*]" = "iPhone Developer";
				COPY_PHASE_STRIP = NO;
				DEBUG_INFORMATION_FORMAT = "dwarf-with-dsym";
				ENABLE_NS_ASSERTIONS = NO;
				ENABLE_STRICT_OBJC_MSGSEND = YES;
				GCC_C_LANGUAGE_STANDARD = gnu99;
				GCC_NO_COMMON_BLOCKS = YES;
				GCC_WARN_64_TO_32_BIT_CONVERSION = YES;
				GCC_WARN_ABOUT_RETURN_TYPE = YES_ERROR;
				GCC_WARN_UNDECLARED_SELECTOR = YES;
				GCC_WARN_UNINITIALIZED_AUTOS = YES_AGGRESSIVE;
				GCC_WARN_UNUSED_FUNCTION = YES;
				GCC_WARN_UNUSED_VARIABLE = YES;
				IPHONEOS_DEPLOYMENT_TARGET = 10.3;
				MTL_ENABLE_DEBUG_INFO = NO;
				SDKROOT = iphoneos;
				TARGETED_DEVICE_FAMILY = "1,2";
				VALIDATE_PRODUCT = YES;
			};
			name = Release;
		};
		F475648E1ED2C98C00EF0C08 /* Debug */ = {
			isa = XCBuildConfiguration;
			buildSettings = {
				ASSETCATALOG_COMPILER_APPICON_NAME = AppIcon;
				DEVELOPMENT_TEAM = Y2MXCR3GE3;
				INFOPLIST_FILE = RMPageController/Info.plist;
				LD_RUNPATH_SEARCH_PATHS = "$(inherited) @executable_path/Frameworks";
				PRODUCT_BUNDLE_IDENTIFIER = "Beijing-TianyingJiuzhou-Network-Technology.RMPageController";
				PRODUCT_NAME = "$(TARGET_NAME)";
			};
			name = Debug;
		};
		F475648F1ED2C98C00EF0C08 /* Release */ = {
			isa = XCBuildConfiguration;
			buildSettings = {
				ASSETCATALOG_COMPILER_APPICON_NAME = AppIcon;
				DEVELOPMENT_TEAM = Y2MXCR3GE3;
				INFOPLIST_FILE = RMPageController/Info.plist;
				LD_RUNPATH_SEARCH_PATHS = "$(inherited) @executable_path/Frameworks";
				PRODUCT_BUNDLE_IDENTIFIER = "Beijing-TianyingJiuzhou-Network-Technology.RMPageController";
				PRODUCT_NAME = "$(TARGET_NAME)";
			};
			name = Release;
		};
		F47564911ED2C98C00EF0C08 /* Debug */ = {
			isa = XCBuildConfiguration;
			buildSettings = {
				BUNDLE_LOADER = "$(TEST_HOST)";
				DEVELOPMENT_TEAM = Y2MXCR3GE3;
				INFOPLIST_FILE = RMPageControllerTests/Info.plist;
				LD_RUNPATH_SEARCH_PATHS = "$(inherited) @executable_path/Frameworks @loader_path/Frameworks";
				PRODUCT_BUNDLE_IDENTIFIER = "Beijing-TianyingJiuzhou-Network-Technology.RMPageControllerTests";
				PRODUCT_NAME = "$(TARGET_NAME)";
				TEST_HOST = "$(BUILT_PRODUCTS_DIR)/RMPageController.app/RMPageController";
			};
			name = Debug;
		};
		F47564921ED2C98C00EF0C08 /* Release */ = {
			isa = XCBuildConfiguration;
			buildSettings = {
				BUNDLE_LOADER = "$(TEST_HOST)";
				DEVELOPMENT_TEAM = Y2MXCR3GE3;
				INFOPLIST_FILE = RMPageControllerTests/Info.plist;
				LD_RUNPATH_SEARCH_PATHS = "$(inherited) @executable_path/Frameworks @loader_path/Frameworks";
				PRODUCT_BUNDLE_IDENTIFIER = "Beijing-TianyingJiuzhou-Network-Technology.RMPageControllerTests";
				PRODUCT_NAME = "$(TARGET_NAME)";
				TEST_HOST = "$(BUILT_PRODUCTS_DIR)/RMPageController.app/RMPageController";
			};
			name = Release;
		};
		F47564941ED2C98C00EF0C08 /* Debug */ = {
			isa = XCBuildConfiguration;
			buildSettings = {
				DEVELOPMENT_TEAM = Y2MXCR3GE3;
				INFOPLIST_FILE = RMPageControllerUITests/Info.plist;
				LD_RUNPATH_SEARCH_PATHS = "$(inherited) @executable_path/Frameworks @loader_path/Frameworks";
				PRODUCT_BUNDLE_IDENTIFIER = "Beijing-TianyingJiuzhou-Network-Technology.RMPageControllerUITests";
				PRODUCT_NAME = "$(TARGET_NAME)";
				TEST_TARGET_NAME = RMPageController;
			};
			name = Debug;
		};
		F47564951ED2C98C00EF0C08 /* Release */ = {
			isa = XCBuildConfiguration;
			buildSettings = {
				DEVELOPMENT_TEAM = Y2MXCR3GE3;
				INFOPLIST_FILE = RMPageControllerUITests/Info.plist;
				LD_RUNPATH_SEARCH_PATHS = "$(inherited) @executable_path/Frameworks @loader_path/Frameworks";
				PRODUCT_BUNDLE_IDENTIFIER = "Beijing-TianyingJiuzhou-Network-Technology.RMPageControllerUITests";
				PRODUCT_NAME = "$(TARGET_NAME)";
				TEST_TARGET_NAME = RMPageController;
			};
			name = Release;
		};
/* End XCBuildConfiguration section */

/* Begin XCConfigurationList section */
		F475645B1ED2C98C00EF0C08 /* Build configuration list for PBXProject "RMPageController" */ = {
			isa = XCConfigurationList;
			buildConfigurations = (
				F475648B1ED2C98C00EF0C08 /* Debug */,
				F475648C1ED2C98C00EF0C08 /* Release */,
			);
			defaultConfigurationIsVisible = 0;
			defaultConfigurationName = Release;
		};
		F475648D1ED2C98C00EF0C08 /* Build configuration list for PBXNativeTarget "RMPageController" */ = {
			isa = XCConfigurationList;
			buildConfigurations = (
				F475648E1ED2C98C00EF0C08 /* Debug */,
				F475648F1ED2C98C00EF0C08 /* Release */,
			);
			defaultConfigurationIsVisible = 0;
			defaultConfigurationName = Release;
		};
		F47564901ED2C98C00EF0C08 /* Build configuration list for PBXNativeTarget "RMPageControllerTests" */ = {
			isa = XCConfigurationList;
			buildConfigurations = (
				F47564911ED2C98C00EF0C08 /* Debug */,
				F47564921ED2C98C00EF0C08 /* Release */,
			);
			defaultConfigurationIsVisible = 0;
			defaultConfigurationName = Release;
		};
		F47564931ED2C98C00EF0C08 /* Build configuration list for PBXNativeTarget "RMPageControllerUITests" */ = {
			isa = XCConfigurationList;
			buildConfigurations = (
				F47564941ED2C98C00EF0C08 /* Debug */,
				F47564951ED2C98C00EF0C08 /* Release */,
			);
			defaultConfigurationIsVisible = 0;
			defaultConfigurationName = Release;
		};
/* End XCConfigurationList section */
	};
	rootObject = F47564581ED2C98C00EF0C08 /* Project object */;
}
